
Microsoft Visual Studio Solution File, Format Version 12.00
# Visual Studio Version 17
VisualStudioVersion = 17.6.33801.468
MinimumVisualStudioVersion = 10.0.40219.1
Project("{FAE04EC0-301F-11D3-BF4B-00C04F79EFBC}") = "CRUDwithAjax", "CRUDwithAjax\CRUDwithAjax.csproj", "{D34213FD-BDD6-4C26-A1B0-648A1DDDFF45}"
EndProject
Global
	GlobalSection(SolutionConfigurationPlatforms) = preSolution
		Debug|Any CPU = Debug|Any CPU
		Release|Any CPU = Release|Any CPU
	EndGlobalSection
	GlobalSection(ProjectConfigurationPlatforms) = postSolution
		{D34213FD-BDD6-4C26-A1B0-648A1DDDFF45}.Debug|Any CPU.ActiveCfg = Debug|Any CPU
		{D34213FD-BDD6-4C26-A1B0-648A1DDDFF45}.Debug|Any CPU.Build.0 = Debug|Any CPU
		{D34213FD-BDD6-4C26-A1B0-648A1DDDFF45}.Release|Any CPU.ActiveCfg = Release|Any CPU
		{D34213FD-BDD6-4C26-A1B0-648A1DDDFF45}.Release|Any CPU.Build.0 = Release|Any CPU
	EndGlobalSection
	GlobalSection(SolutionProperties) = preSolution
		HideSolutionNode = FALSE
	EndGlobalSection
	GlobalSection(ExtensibilityGlobals) = postSolution
		SolutionGuid = {6BA052F4-0B08-4037-9102-FD9E44348BE7}
	EndGlobalSection
EndGlobal
